
Microsoft Visual Studio Solution File, Format Version 12.00
# Visual Studio Version 16
VisualStudioVersion = 16.0.32126.315
MinimumVisualStudioVersion = 10.0.40219.1
Project("{2150E333-8FDC-42A3-9474-1A3956D46DE8}") = "0 - Presentation", "0 - Presentation", "{7E54B2D7-D58D-4AFB-A824-3CC406BCA6EE}"
EndProject
Project("{9A19103F-16F7-4668-BE54-9A1E7A4F7556}") = "NASRx.Service", "NASRx.Service\NASRx.Service.csproj", "{6CE203FE-4C80-491C-B063-FAA503FD388C}"
	ProjectSection(ProjectDependencies) = postProject
		{D658CF50-C258-4DE8-B6F6-D4593787567F} = {D658CF50-C258-4DE8-B6F6-D4593787567F}
		{CE4004D6-1D7F-4700-A171-5EB7341689D6} = {CE4004D6-1D7F-4700-A171-5EB7341689D6}
	EndProjectSection
EndProject
Project("{2150E333-8FDC-42A3-9474-1A3956D46DE8}") = "1 - Business", "1 - Business", "{8D82745B-25EC-4615-BF0C-E23EB04D9272}"
EndProject
Project("{2150E333-8FDC-42A3-9474-1A3956D46DE8}") = "2 - Data access", "2 - Data access", "{DC93051B-51F2-4926-8481-C47750C3F6F4}"
EndProject
Project("{2150E333-8FDC-42A3-9474-1A3956D46DE8}") = "3 - Model", "3 - Model", "{C350AA70-A158-45FE-B7D4-65ECA81434E5}"
EndProject
Project("{2150E333-8FDC-42A3-9474-1A3956D46DE8}") = "4 - Cross cutting", "4 - Cross cutting", "{41BFFD10-27D5-458C-9440-B5EDFB8E9982}"
EndProject
Project("{9A19103F-16F7-4668-BE54-9A1E7A4F7556}") = "NASRx.IoC", "NASRx.IoC\NASRx.IoC.csproj", "{4DAB0017-4F8B-4C2F-9124-EC0D9CD522F9}"
EndProject
Project("{9A19103F-16F7-4668-BE54-9A1E7A4F7556}") = "NASRx.Utilities", "NASRx.Utilities\NASRx.Utilities.csproj", "{471F3D8C-6853-4BAB-B312-9AECB311939E}"
EndProject
Project("{9A19103F-16F7-4668-BE54-9A1E7A4F7556}") = "NASRx.Business", "NASRx.Business\NASRx.Business.csproj", "{2CA28AE2-510E-4EDB-9B23-29097737887C}"
EndProject
Project("{9A19103F-16F7-4668-BE54-9A1E7A4F7556}") = "NASRx.Repositories", "NASRx.Repositories\NASRx.Repositories.csproj", "{D658CF50-C258-4DE8-B6F6-D4593787567F}"
EndProject
Project("{9A19103F-16F7-4668-BE54-9A1E7A4F7556}") = "NASRx.Model", "NASRx.Model\NASRx.Model.csproj", "{35895AFE-3779-4EB7-A766-BD1513A86A76}"
EndProject
Project("{9A19103F-16F7-4668-BE54-9A1E7A4F7556}") = "NASRx.ModelConfig", "NASRx.ModelConfig\NASRx.ModelConfig.csproj", "{A44EA7F8-DBCE-4310-A9BB-16D50BDFE354}"
EndProject
Project("{9A19103F-16F7-4668-BE54-9A1E7A4F7556}") = "NASRx.Infra", "NASRx.Infra\NASRx.Infra.csproj", "{CE4004D6-1D7F-4700-A171-5EB7341689D6}"
EndProject
Global
	GlobalSection(SolutionConfigurationPlatforms) = preSolution
		Debug|Any CPU = Debug|Any CPU
		Release|Any CPU = Release|Any CPU
	EndGlobalSection
	GlobalSection(ProjectConfigurationPlatforms) = postSolution
		{6CE203FE-4C80-491C-B063-FAA503FD388C}.Debug|Any CPU.ActiveCfg = Debug|Any CPU
		{6CE203FE-4C80-491C-B063-FAA503FD388C}.Debug|Any CPU.Build.0 = Debug|Any CPU
		{6CE203FE-4C80-491C-B063-FAA503FD388C}.Release|Any CPU.ActiveCfg = Release|Any CPU
		{6CE203FE-4C80-491C-B063-FAA503FD388C}.Release|Any CPU.Build.0 = Release|Any CPU
		{4DAB0017-4F8B-4C2F-9124-EC0D9CD522F9}.Debug|Any CPU.ActiveCfg = Debug|Any CPU
		{4DAB0017-4F8B-4C2F-9124-EC0D9CD522F9}.Debug|Any CPU.Build.0 = Debug|Any CPU
		{4DAB0017-4F8B-4C2F-9124-EC0D9CD522F9}.Release|Any CPU.ActiveCfg = Release|Any CPU
		{4DAB0017-4F8B-4C2F-9124-EC0D9CD522F9}.Release|Any CPU.Build.0 = Release|Any CPU
		{471F3D8C-6853-4BAB-B312-9AECB311939E}.Debug|Any CPU.ActiveCfg = Debug|Any CPU
		{471F3D8C-6853-4BAB-B312-9AECB311939E}.Debug|Any CPU.Build.0 = Debug|Any CPU
		{471F3D8C-6853-4BAB-B312-9AECB311939E}.Release|Any CPU.ActiveCfg = Release|Any CPU
		{471F3D8C-6853-4BAB-B312-9AECB311939E}.Release|Any CPU.Build.0 = Release|Any CPU
		{2CA28AE2-510E-4EDB-9B23-29097737887C}.Debug|Any CPU.ActiveCfg = Debug|Any CPU
		{2CA28AE2-510E-4EDB-9B23-29097737887C}.Debug|Any CPU.Build.0 = Debug|Any CPU
		{2CA28AE2-510E-4EDB-9B23-29097737887C}.Release|Any CPU.ActiveCfg = Release|Any CPU
		{2CA28AE2-510E-4EDB-9B23-29097737887C}.Release|Any CPU.Build.0 = Release|Any CPU
		{D658CF50-C258-4DE8-B6F6-D4593787567F}.Debug|Any CPU.ActiveCfg = Debug|Any CPU
		{D658CF50-C258-4DE8-B6F6-D4593787567F}.Debug|Any CPU.Build.0 = Debug|Any CPU
		{D658CF50-C258-4DE8-B6F6-D4593787567F}.Release|Any CPU.ActiveCfg = Release|Any CPU
		{D658CF50-C258-4DE8-B6F6-D4593787567F}.Release|Any CPU.Build.0 = Release|Any CPU
		{35895AFE-3779-4EB7-A766-BD1513A86A76}.Debug|Any CPU.ActiveCfg = Debug|Any CPU
		{35895AFE-3779-4EB7-A766-BD1513A86A76}.Debug|Any CPU.Build.0 = Debug|Any CPU
		{35895AFE-3779-4EB7-A766-BD1513A86A76}.Release|Any CPU.ActiveCfg = Release|Any CPU
		{35895AFE-3779-4EB7-A766-BD1513A86A76}.Release|Any CPU.Build.0 = Release|Any CPU
		{A44EA7F8-DBCE-4310-A9BB-16D50BDFE354}.Debug|Any CPU.ActiveCfg = Debug|Any CPU
		{A44EA7F8-DBCE-4310-A9BB-16D50BDFE354}.Debug|Any CPU.Build.0 = Debug|Any CPU
		{A44EA7F8-DBCE-4310-A9BB-16D50BDFE354}.Release|Any CPU.ActiveCfg = Release|Any CPU
		{A44EA7F8-DBCE-4310-A9BB-16D50BDFE354}.Release|Any CPU.Build.0 = Release|Any CPU
		{CE4004D6-1D7F-4700-A171-5EB7341689D6}.Debug|Any CPU.ActiveCfg = Debug|Any CPU
		{CE4004D6-1D7F-4700-A171-5EB7341689D6}.Debug|Any CPU.Build.0 = Debug|Any CPU
		{CE4004D6-1D7F-4700-A171-5EB7341689D6}.Release|Any CPU.ActiveCfg = Release|Any CPU
		{CE4004D6-1D7F-4700-A171-5EB7341689D6}.Release|Any CPU.Build.0 = Release|Any CPU
	EndGlobalSection
	GlobalSection(SolutionProperties) = preSolution
		HideSolutionNode = FALSE
	EndGlobalSection
	GlobalSection(NestedProjects) = preSolution
		{6CE203FE-4C80-491C-B063-FAA503FD388C} = {7E54B2D7-D58D-4AFB-A824-3CC406BCA6EE}
		{4DAB0017-4F8B-4C2F-9124-EC0D9CD522F9} = {41BFFD10-27D5-458C-9440-B5EDFB8E9982}
		{471F3D8C-6853-4BAB-B312-9AECB311939E} = {41BFFD10-27D5-458C-9440-B5EDFB8E9982}
		{2CA28AE2-510E-4EDB-9B23-29097737887C} = {8D82745B-25EC-4615-BF0C-E23EB04D9272}
		{D658CF50-C258-4DE8-B6F6-D4593787567F} = {DC93051B-51F2-4926-8481-C47750C3F6F4}
		{35895AFE-3779-4EB7-A766-BD1513A86A76} = {C350AA70-A158-45FE-B7D4-65ECA81434E5}
		{A44EA7F8-DBCE-4310-A9BB-16D50BDFE354} = {C350AA70-A158-45FE-B7D4-65ECA81434E5}
		{CE4004D6-1D7F-4700-A171-5EB7341689D6} = {41BFFD10-27D5-458C-9440-B5EDFB8E9982}
	EndGlobalSection
	GlobalSection(ExtensibilityGlobals) = postSolution
		SolutionGuid = {816DBF78-AC04-48C1-BB6B-073330A2BCF6}
	EndGlobalSection
EndGlobal
